
Microsoft Visual Studio Solution File, Format Version 12.00
# Visual Studio 15
VisualStudioVersion = 15.0.26730.3
MinimumVisualStudioVersion = 10.0.40219.1
Project("{FAE04EC0-301F-11D3-BF4B-00C04F79EFBC}") = "CISS411", "CISS411\CISS411.csproj", "{74471A9D-C493-45EF-82DA-219FD089B657}"
EndProject
Global
	GlobalSection(SolutionConfigurationPlatforms) = preSolution
		Debug|Any CPU = Debug|Any CPU
		Release|Any CPU = Release|Any CPU
	EndGlobalSection
	GlobalSection(ProjectConfigurationPlatforms) = postSolution
		{74471A9D-C493-45EF-82DA-219FD089B657}.Debug|Any CPU.ActiveCfg = Debug|Any CPU
		{74471A9D-C493-45EF-82DA-219FD089B657}.Debug|Any CPU.Build.0 = Debug|Any CPU
		{74471A9D-C493-45EF-82DA-219FD089B657}.Release|Any CPU.ActiveCfg = Release|Any CPU
		{74471A9D-C493-45EF-82DA-219FD089B657}.Release|Any CPU.Build.0 = Release|Any CPU
	EndGlobalSection
	GlobalSection(SolutionProperties) = preSolution
		HideSolutionNode = FALSE
	EndGlobalSection
	GlobalSection(ExtensibilityGlobals) = postSolution
		SolutionGuid = {F6320A59-1503-43A4-9DCD-096C877FE3B8}
	EndGlobalSection
EndGlobal
